// !$*UTF8*$!
{
	archiveVersion = 1;
	classes = {
	};
	objectVersion = 50;
	objects = {

/* Begin PBXBuildFile section */
		02612F9E24EE454A00E87D4A /* PlantRepresentation.swift in Sources */ = {isa = PBXBuildFile; fileRef = 02612F9D24EE454A00E87D4A /* PlantRepresentation.swift */; };
		02612FA024EE455700E87D4A /* UserRepresentation.swift in Sources */ = {isa = PBXBuildFile; fileRef = 02612F9F24EE455700E87D4A /* UserRepresentation.swift */; };
		02612FC824EE4CDB00E87D4A /* Bearer.swift in Sources */ = {isa = PBXBuildFile; fileRef = 02612FC724EE4CDB00E87D4A /* Bearer.swift */; };
		02612FCA24EF5C2100E87D4A /* Plant+Convenience.swift in Sources */ = {isa = PBXBuildFile; fileRef = 02612FC924EF5C2100E87D4A /* Plant+Convenience.swift */; };
		0262B43A24EE198B009A35A3 /* CoreDataStack.swift in Sources */ = {isa = PBXBuildFile; fileRef = 0262B43924EE198B009A35A3 /* CoreDataStack.swift */; };
		0262B43E24EE19D7009A35A3 /* User+Convenience.swift in Sources */ = {isa = PBXBuildFile; fileRef = 0262B43D24EE19D7009A35A3 /* User+Convenience.swift */; };
		0280EDAB24F454D400A9D768 /* HTTPMethod.swift in Sources */ = {isa = PBXBuildFile; fileRef = 0280EDAA24F454D400A9D768 /* HTTPMethod.swift */; };
		02D35FFB24EE1D3A008F7493 /* LoginViewController.swift in Sources */ = {isa = PBXBuildFile; fileRef = 02D35FFA24EE1D3A008F7493 /* LoginViewController.swift */; };
		02D35FFE24EE1DE0008F7493 /* PlantDetailViewController.swift in Sources */ = {isa = PBXBuildFile; fileRef = 02D35FFD24EE1DE0008F7493 /* PlantDetailViewController.swift */; };
		02D3600524EE1E77008F7493 /* UserDetailViewController.swift in Sources */ = {isa = PBXBuildFile; fileRef = 02D3600424EE1E77008F7493 /* UserDetailViewController.swift */; };
		02D3600824EE1EC9008F7493 /* PlantTableViewController.swift in Sources */ = {isa = PBXBuildFile; fileRef = 02D3600724EE1EC9008F7493 /* PlantTableViewController.swift */; };
		02D3600A24EE1EEC008F7493 /* PlantTableViewCell.swift in Sources */ = {isa = PBXBuildFile; fileRef = 02D3600924EE1EEC008F7493 /* PlantTableViewCell.swift */; };
		02D3600D24EE1FB9008F7493 /* Networking.swift in Sources */ = {isa = PBXBuildFile; fileRef = 02D3600C24EE1FB9008F7493 /* Networking.swift */; };
		02D3601524EE2087008F7493 /* WaterMyPlantsUITests.swift in Sources */ = {isa = PBXBuildFile; fileRef = 02D3601424EE2087008F7493 /* WaterMyPlantsUITests.swift */; };
		02D3602324EE2092008F7493 /* WaterMyPlantsTests.swift in Sources */ = {isa = PBXBuildFile; fileRef = 02D3602224EE2092008F7493 /* WaterMyPlantsTests.swift */; };
		02D3602C24EE256D008F7493 /* Plants.xcdatamodeld in Sources */ = {isa = PBXBuildFile; fileRef = 02D3602A24EE256D008F7493 /* Plants.xcdatamodeld */; };
		02D3603024EE2914008F7493 /* PlantDetail.storyboard in Resources */ = {isa = PBXBuildFile; fileRef = 02D3602F24EE2914008F7493 /* PlantDetail.storyboard */; };
		02D3603224EE2928008F7493 /* UserDetail.storyboard in Resources */ = {isa = PBXBuildFile; fileRef = 02D3603124EE2928008F7493 /* UserDetail.storyboard */; };
		02D3603424EE32B5008F7493 /* PlantTableView.storyboard in Resources */ = {isa = PBXBuildFile; fileRef = 02D3603324EE32B5008F7493 /* PlantTableView.storyboard */; };
		8464480E24EE091700E34862 /* AppDelegate.swift in Sources */ = {isa = PBXBuildFile; fileRef = 8464480D24EE091700E34862 /* AppDelegate.swift */; };
		8464481024EE091700E34862 /* SceneDelegate.swift in Sources */ = {isa = PBXBuildFile; fileRef = 8464480F24EE091700E34862 /* SceneDelegate.swift */; };
		8464481524EE091700E34862 /* Main.storyboard in Resources */ = {isa = PBXBuildFile; fileRef = 8464481324EE091700E34862 /* Main.storyboard */; };
		8464481A24EE091800E34862 /* Assets.xcassets in Resources */ = {isa = PBXBuildFile; fileRef = 8464481924EE091800E34862 /* Assets.xcassets */; };
		8464481D24EE091800E34862 /* LaunchScreen.storyboard in Resources */ = {isa = PBXBuildFile; fileRef = 8464481B24EE091800E34862 /* LaunchScreen.storyboard */; };
/* End PBXBuildFile section */

/* Begin PBXContainerItemProxy section */
		02D3601724EE2087008F7493 /* PBXContainerItemProxy */ = {
			isa = PBXContainerItemProxy;
			containerPortal = 8464480224EE091700E34862 /* Project object */;
			proxyType = 1;
			remoteGlobalIDString = 8464480924EE091700E34862;
			remoteInfo = WaterMyPlants;
		};
		02D3602524EE2092008F7493 /* PBXContainerItemProxy */ = {
			isa = PBXContainerItemProxy;
			containerPortal = 8464480224EE091700E34862 /* Project object */;
			proxyType = 1;
			remoteGlobalIDString = 8464480924EE091700E34862;
			remoteInfo = WaterMyPlants;
		};
/* End PBXContainerItemProxy section */

/* Begin PBXFileReference section */
		02612F9D24EE454A00E87D4A /* PlantRepresentation.swift */ = {isa = PBXFileReference; lastKnownFileType = sourcecode.swift; path = PlantRepresentation.swift; sourceTree = "<group>"; };
		02612F9F24EE455700E87D4A /* UserRepresentation.swift */ = {isa = PBXFileReference; lastKnownFileType = sourcecode.swift; path = UserRepresentation.swift; sourceTree = "<group>"; };
		02612FC724EE4CDB00E87D4A /* Bearer.swift */ = {isa = PBXFileReference; lastKnownFileType = sourcecode.swift; path = Bearer.swift; sourceTree = "<group>"; };
		02612FC924EF5C2100E87D4A /* Plant+Convenience.swift */ = {isa = PBXFileReference; lastKnownFileType = sourcecode.swift; path = "Plant+Convenience.swift"; sourceTree = "<group>"; };
		0262B43924EE198B009A35A3 /* CoreDataStack.swift */ = {isa = PBXFileReference; lastKnownFileType = sourcecode.swift; path = CoreDataStack.swift; sourceTree = "<group>"; };
		0262B43D24EE19D7009A35A3 /* User+Convenience.swift */ = {isa = PBXFileReference; lastKnownFileType = sourcecode.swift; path = "User+Convenience.swift"; sourceTree = "<group>"; };
		0280EDAA24F454D400A9D768 /* HTTPMethod.swift */ = {isa = PBXFileReference; lastKnownFileType = sourcecode.swift; path = HTTPMethod.swift; sourceTree = "<group>"; };
		02D35FFA24EE1D3A008F7493 /* LoginViewController.swift */ = {isa = PBXFileReference; lastKnownFileType = sourcecode.swift; path = LoginViewController.swift; sourceTree = "<group>"; };
		02D35FFD24EE1DE0008F7493 /* PlantDetailViewController.swift */ = {isa = PBXFileReference; lastKnownFileType = sourcecode.swift; path = PlantDetailViewController.swift; sourceTree = "<group>"; };
		02D3600424EE1E77008F7493 /* UserDetailViewController.swift */ = {isa = PBXFileReference; lastKnownFileType = sourcecode.swift; path = UserDetailViewController.swift; sourceTree = "<group>"; };
		02D3600724EE1EC9008F7493 /* PlantTableViewController.swift */ = {isa = PBXFileReference; lastKnownFileType = sourcecode.swift; path = PlantTableViewController.swift; sourceTree = "<group>"; };
		02D3600924EE1EEC008F7493 /* PlantTableViewCell.swift */ = {isa = PBXFileReference; lastKnownFileType = sourcecode.swift; path = PlantTableViewCell.swift; sourceTree = "<group>"; };
		02D3600C24EE1FB9008F7493 /* Networking.swift */ = {isa = PBXFileReference; lastKnownFileType = sourcecode.swift; path = Networking.swift; sourceTree = "<group>"; };
		02D3601224EE2087008F7493 /* WaterMyPlantsUITests.xctest */ = {isa = PBXFileReference; explicitFileType = wrapper.cfbundle; includeInIndex = 0; path = WaterMyPlantsUITests.xctest; sourceTree = BUILT_PRODUCTS_DIR; };
		02D3601424EE2087008F7493 /* WaterMyPlantsUITests.swift */ = {isa = PBXFileReference; lastKnownFileType = sourcecode.swift; path = WaterMyPlantsUITests.swift; sourceTree = "<group>"; };
		02D3601624EE2087008F7493 /* Info.plist */ = {isa = PBXFileReference; lastKnownFileType = text.plist.xml; path = Info.plist; sourceTree = "<group>"; };
		02D3602024EE2092008F7493 /* WaterMyPlantsTests.xctest */ = {isa = PBXFileReference; explicitFileType = wrapper.cfbundle; includeInIndex = 0; path = WaterMyPlantsTests.xctest; sourceTree = BUILT_PRODUCTS_DIR; };
		02D3602224EE2092008F7493 /* WaterMyPlantsTests.swift */ = {isa = PBXFileReference; lastKnownFileType = sourcecode.swift; path = WaterMyPlantsTests.swift; sourceTree = "<group>"; };
		02D3602424EE2092008F7493 /* Info.plist */ = {isa = PBXFileReference; lastKnownFileType = text.plist.xml; path = Info.plist; sourceTree = "<group>"; };
		02D3602B24EE256D008F7493 /* Plants.xcdatamodel */ = {isa = PBXFileReference; lastKnownFileType = wrapper.xcdatamodel; path = Plants.xcdatamodel; sourceTree = "<group>"; };
		02D3602F24EE2914008F7493 /* PlantDetail.storyboard */ = {isa = PBXFileReference; lastKnownFileType = file.storyboard; path = PlantDetail.storyboard; sourceTree = "<group>"; };
		02D3603124EE2928008F7493 /* UserDetail.storyboard */ = {isa = PBXFileReference; lastKnownFileType = file.storyboard; path = UserDetail.storyboard; sourceTree = "<group>"; };
		02D3603324EE32B5008F7493 /* PlantTableView.storyboard */ = {isa = PBXFileReference; lastKnownFileType = file.storyboard; path = PlantTableView.storyboard; sourceTree = "<group>"; };
		8464480A24EE091700E34862 /* WaterMyPlants.app */ = {isa = PBXFileReference; explicitFileType = wrapper.application; includeInIndex = 0; path = WaterMyPlants.app; sourceTree = BUILT_PRODUCTS_DIR; };
		8464480D24EE091700E34862 /* AppDelegate.swift */ = {isa = PBXFileReference; lastKnownFileType = sourcecode.swift; path = AppDelegate.swift; sourceTree = "<group>"; };
		8464480F24EE091700E34862 /* SceneDelegate.swift */ = {isa = PBXFileReference; lastKnownFileType = sourcecode.swift; path = SceneDelegate.swift; sourceTree = "<group>"; };
		8464481424EE091700E34862 /* Base */ = {isa = PBXFileReference; lastKnownFileType = file.storyboard; name = Base; path = Base.lproj/Main.storyboard; sourceTree = "<group>"; };
		8464481924EE091800E34862 /* Assets.xcassets */ = {isa = PBXFileReference; lastKnownFileType = folder.assetcatalog; path = Assets.xcassets; sourceTree = "<group>"; };
		8464481C24EE091800E34862 /* Base */ = {isa = PBXFileReference; lastKnownFileType = file.storyboard; name = Base; path = Base.lproj/LaunchScreen.storyboard; sourceTree = "<group>"; };
		8464481E24EE091800E34862 /* Info.plist */ = {isa = PBXFileReference; lastKnownFileType = text.plist.xml; path = Info.plist; sourceTree = "<group>"; };
/* End PBXFileReference section */

/* Begin PBXFrameworksBuildPhase section */
		02D3600F24EE2087008F7493 /* Frameworks */ = {
			isa = PBXFrameworksBuildPhase;
			buildActionMask = 2147483647;
			files = (
			);
			runOnlyForDeploymentPostprocessing = 0;
		};
		02D3601D24EE2092008F7493 /* Frameworks */ = {
			isa = PBXFrameworksBuildPhase;
			buildActionMask = 2147483647;
			files = (
			);
			runOnlyForDeploymentPostprocessing = 0;
		};
		8464480724EE091700E34862 /* Frameworks */ = {
			isa = PBXFrameworksBuildPhase;
			buildActionMask = 2147483647;
			files = (
			);
			runOnlyForDeploymentPostprocessing = 0;
		};
/* End PBXFrameworksBuildPhase section */

/* Begin PBXGroup section */
		0262B43124EE1765009A35A3 /* Login View */ = {
			isa = PBXGroup;
			children = (
				02D35FFA24EE1D3A008F7493 /* LoginViewController.swift */,
			);
			path = "Login View";
			sourceTree = "<group>";
		};
		0262B43324EE177F009A35A3 /* Models */ = {
			isa = PBXGroup;
			children = (
				0262B43924EE198B009A35A3 /* CoreDataStack.swift */,
				0262B43D24EE19D7009A35A3 /* User+Convenience.swift */,
				02D3602A24EE256D008F7493 /* Plants.xcdatamodeld */,
				02612F9D24EE454A00E87D4A /* PlantRepresentation.swift */,
				02612F9F24EE455700E87D4A /* UserRepresentation.swift */,
				02612FC724EE4CDB00E87D4A /* Bearer.swift */,
				02612FC924EF5C2100E87D4A /* Plant+Convenience.swift */,
			);
			path = Models;
			sourceTree = "<group>";
		};
		0262B43424EE1786009A35A3 /* Networking */ = {
			isa = PBXGroup;
			children = (
				02D3600C24EE1FB9008F7493 /* Networking.swift */,
				0280EDAA24F454D400A9D768 /* HTTPMethod.swift */,
			);
			path = Networking;
			sourceTree = "<group>";
		};
		02D35FFC24EE1DA3008F7493 /* Plant Detail View */ = {
			isa = PBXGroup;
			children = (
				02D35FFD24EE1DE0008F7493 /* PlantDetailViewController.swift */,
			);
			path = "Plant Detail View";
			sourceTree = "<group>";
		};
		02D3600124EE1DFF008F7493 /* User Detail View */ = {
			isa = PBXGroup;
			children = (
				02D3600424EE1E77008F7493 /* UserDetailViewController.swift */,
			);
			path = "User Detail View";
			sourceTree = "<group>";
		};
		02D3600624EE1E9C008F7493 /* Plant Table View */ = {
			isa = PBXGroup;
			children = (
				02D3600724EE1EC9008F7493 /* PlantTableViewController.swift */,
				02D3600924EE1EEC008F7493 /* PlantTableViewCell.swift */,
			);
			path = "Plant Table View";
			sourceTree = "<group>";
		};
		02D3600B24EE1F14008F7493 /* View Controllers */ = {
			isa = PBXGroup;
			children = (
				0262B43124EE1765009A35A3 /* Login View */,
				02D3600624EE1E9C008F7493 /* Plant Table View */,
				02D3600124EE1DFF008F7493 /* User Detail View */,
				02D35FFC24EE1DA3008F7493 /* Plant Detail View */,
			);
			path = "View Controllers";
			sourceTree = "<group>";
		};
		02D3601324EE2087008F7493 /* WaterMyPlantsUITests */ = {
			isa = PBXGroup;
			children = (
				02D3601424EE2087008F7493 /* WaterMyPlantsUITests.swift */,
				02D3601624EE2087008F7493 /* Info.plist */,
			);
			path = WaterMyPlantsUITests;
			sourceTree = "<group>";
		};
		02D3602124EE2092008F7493 /* WaterMyPlantsTests */ = {
			isa = PBXGroup;
			children = (
				02D3602224EE2092008F7493 /* WaterMyPlantsTests.swift */,
				02D3602424EE2092008F7493 /* Info.plist */,
			);
			path = WaterMyPlantsTests;
			sourceTree = "<group>";
		};
		8464480124EE091700E34862 = {
			isa = PBXGroup;
			children = (
				8464480C24EE091700E34862 /* WaterMyPlants */,
				02D3601324EE2087008F7493 /* WaterMyPlantsUITests */,
				02D3602124EE2092008F7493 /* WaterMyPlantsTests */,
				8464480B24EE091700E34862 /* Products */,
			);
			sourceTree = "<group>";
		};
		8464480B24EE091700E34862 /* Products */ = {
			isa = PBXGroup;
			children = (
				8464480A24EE091700E34862 /* WaterMyPlants.app */,
				02D3601224EE2087008F7493 /* WaterMyPlantsUITests.xctest */,
				02D3602024EE2092008F7493 /* WaterMyPlantsTests.xctest */,
			);
			name = Products;
			sourceTree = "<group>";
		};
		8464480C24EE091700E34862 /* WaterMyPlants */ = {
			isa = PBXGroup;
			children = (
				02D3600B24EE1F14008F7493 /* View Controllers */,
				0262B43424EE1786009A35A3 /* Networking */,
				0262B43324EE177F009A35A3 /* Models */,
				8464480D24EE091700E34862 /* AppDelegate.swift */,
				8464480F24EE091700E34862 /* SceneDelegate.swift */,
				8464482424EE093E00E34862 /* Storyboards */,
				8464481924EE091800E34862 /* Assets.xcassets */,
				8464481B24EE091800E34862 /* LaunchScreen.storyboard */,
				8464481E24EE091800E34862 /* Info.plist */,
			);
			path = WaterMyPlants;
			sourceTree = "<group>";
		};
		8464482424EE093E00E34862 /* Storyboards */ = {
			isa = PBXGroup;
			children = (
				8464481324EE091700E34862 /* Main.storyboard */,
				02D3602F24EE2914008F7493 /* PlantDetail.storyboard */,
				02D3603124EE2928008F7493 /* UserDetail.storyboard */,
				02D3603324EE32B5008F7493 /* PlantTableView.storyboard */,
			);
			path = Storyboards;
			sourceTree = "<group>";
		};
/* End PBXGroup section */

/* Begin PBXNativeTarget section */
		02D3601124EE2087008F7493 /* WaterMyPlantsUITests */ = {
			isa = PBXNativeTarget;
			buildConfigurationList = 02D3601924EE2087008F7493 /* Build configuration list for PBXNativeTarget "WaterMyPlantsUITests" */;
			buildPhases = (
				02D3600E24EE2087008F7493 /* Sources */,
				02D3600F24EE2087008F7493 /* Frameworks */,
				02D3601024EE2087008F7493 /* Resources */,
			);
			buildRules = (
			);
			dependencies = (
				02D3601824EE2087008F7493 /* PBXTargetDependency */,
			);
			name = WaterMyPlantsUITests;
			productName = WaterMyPlantsUITests;
			productReference = 02D3601224EE2087008F7493 /* WaterMyPlantsUITests.xctest */;
			productType = "com.apple.product-type.bundle.ui-testing";
		};
		02D3601F24EE2092008F7493 /* WaterMyPlantsTests */ = {
			isa = PBXNativeTarget;
			buildConfigurationList = 02D3602724EE2092008F7493 /* Build configuration list for PBXNativeTarget "WaterMyPlantsTests" */;
			buildPhases = (
				02D3601C24EE2092008F7493 /* Sources */,
				02D3601D24EE2092008F7493 /* Frameworks */,
				02D3601E24EE2092008F7493 /* Resources */,
			);
			buildRules = (
			);
			dependencies = (
				02D3602624EE2092008F7493 /* PBXTargetDependency */,
			);
			name = WaterMyPlantsTests;
			productName = WaterMyPlantsTests;
			productReference = 02D3602024EE2092008F7493 /* WaterMyPlantsTests.xctest */;
			productType = "com.apple.product-type.bundle.unit-test";
		};
		8464480924EE091700E34862 /* WaterMyPlants */ = {
			isa = PBXNativeTarget;
			buildConfigurationList = 8464482124EE091800E34862 /* Build configuration list for PBXNativeTarget "WaterMyPlants" */;
			buildPhases = (
				8464480624EE091700E34862 /* Sources */,
				8464480724EE091700E34862 /* Frameworks */,
				8464480824EE091700E34862 /* Resources */,
			);
			buildRules = (
			);
			dependencies = (
			);
			name = WaterMyPlants;
			productName = WaterMyPlants;
			productReference = 8464480A24EE091700E34862 /* WaterMyPlants.app */;
			productType = "com.apple.product-type.application";
		};
/* End PBXNativeTarget section */

/* Begin PBXProject section */
		8464480224EE091700E34862 /* Project object */ = {
			isa = PBXProject;
			attributes = {
				LastSwiftUpdateCheck = 1150;
				LastUpgradeCheck = 1160;
				ORGANIZATIONNAME = "Morgan Smith";
				TargetAttributes = {
					02D3601124EE2087008F7493 = {
						CreatedOnToolsVersion = 11.5;
						TestTargetID = 8464480924EE091700E34862;
					};
					02D3601F24EE2092008F7493 = {
						CreatedOnToolsVersion = 11.5;
						TestTargetID = 8464480924EE091700E34862;
					};
					8464480924EE091700E34862 = {
						CreatedOnToolsVersion = 11.6;
					};
				};
			};
			buildConfigurationList = 8464480524EE091700E34862 /* Build configuration list for PBXProject "WaterMyPlants" */;
			compatibilityVersion = "Xcode 9.3";
			developmentRegion = en;
			hasScannedForEncodings = 0;
			knownRegions = (
				en,
				Base,
			);
			mainGroup = 8464480124EE091700E34862;
			productRefGroup = 8464480B24EE091700E34862 /* Products */;
			projectDirPath = "";
			projectRoot = "";
			targets = (
				8464480924EE091700E34862 /* WaterMyPlants */,
				02D3601124EE2087008F7493 /* WaterMyPlantsUITests */,
				02D3601F24EE2092008F7493 /* WaterMyPlantsTests */,
			);
		};
/* End PBXProject section */

/* Begin PBXResourcesBuildPhase section */
		02D3601024EE2087008F7493 /* Resources */ = {
			isa = PBXResourcesBuildPhase;
			buildActionMask = 2147483647;
			files = (
			);
			runOnlyForDeploymentPostprocessing = 0;
		};
		02D3601E24EE2092008F7493 /* Resources */ = {
			isa = PBXResourcesBuildPhase;
			buildActionMask = 2147483647;
			files = (
			);
			runOnlyForDeploymentPostprocessing = 0;
		};
		8464480824EE091700E34862 /* Resources */ = {
			isa = PBXResourcesBuildPhase;
			buildActionMask = 2147483647;
			files = (
				02D3603024EE2914008F7493 /* PlantDetail.storyboard in Resources */,
				02D3603224EE2928008F7493 /* UserDetail.storyboard in Resources */,
				02D3603424EE32B5008F7493 /* PlantTableView.storyboard in Resources */,
				8464481D24EE091800E34862 /* LaunchScreen.storyboard in Resources */,
				8464481A24EE091800E34862 /* Assets.xcassets in Resources */,
				8464481524EE091700E34862 /* Main.storyboard in Resources */,
			);
			runOnlyForDeploymentPostprocessing = 0;
		};
/* End PBXResourcesBuildPhase section */

/* Begin PBXSourcesBuildPhase section */
		02D3600E24EE2087008F7493 /* Sources */ = {
			isa = PBXSourcesBuildPhase;
			buildActionMask = 2147483647;
			files = (
				02D3601524EE2087008F7493 /* WaterMyPlantsUITests.swift in Sources */,
			);
			runOnlyForDeploymentPostprocessing = 0;
		};
		02D3601C24EE2092008F7493 /* Sources */ = {
			isa = PBXSourcesBuildPhase;
			buildActionMask = 2147483647;
			files = (
				02D3602324EE2092008F7493 /* WaterMyPlantsTests.swift in Sources */,
			);
			runOnlyForDeploymentPostprocessing = 0;
		};
		8464480624EE091700E34862 /* Sources */ = {
			isa = PBXSourcesBuildPhase;
			buildActionMask = 2147483647;
			files = (
				0280EDAB24F454D400A9D768 /* HTTPMethod.swift in Sources */,
				02612FA024EE455700E87D4A /* UserRepresentation.swift in Sources */,
				02612FC824EE4CDB00E87D4A /* Bearer.swift in Sources */,
				0262B43A24EE198B009A35A3 /* CoreDataStack.swift in Sources */,
				02D3600524EE1E77008F7493 /* UserDetailViewController.swift in Sources */,
				02D3600824EE1EC9008F7493 /* PlantTableViewController.swift in Sources */,
				8464480E24EE091700E34862 /* AppDelegate.swift in Sources */,
				02612F9E24EE454A00E87D4A /* PlantRepresentation.swift in Sources */,
				02D3600D24EE1FB9008F7493 /* Networking.swift in Sources */,
				02D35FFB24EE1D3A008F7493 /* LoginViewController.swift in Sources */,
				02D3600A24EE1EEC008F7493 /* PlantTableViewCell.swift in Sources */,
				02D35FFE24EE1DE0008F7493 /* PlantDetailViewController.swift in Sources */,
				02D3602C24EE256D008F7493 /* Plants.xcdatamodeld in Sources */,
				02612FCA24EF5C2100E87D4A /* Plant+Convenience.swift in Sources */,
				8464481024EE091700E34862 /* SceneDelegate.swift in Sources */,
				0262B43E24EE19D7009A35A3 /* User+Convenience.swift in Sources */,
			);
			runOnlyForDeploymentPostprocessing = 0;
		};
/* End PBXSourcesBuildPhase section */

/* Begin PBXTargetDependency section */
		02D3601824EE2087008F7493 /* PBXTargetDependency */ = {
			isa = PBXTargetDependency;
			target = 8464480924EE091700E34862 /* WaterMyPlants */;
			targetProxy = 02D3601724EE2087008F7493 /* PBXContainerItemProxy */;
		};
		02D3602624EE2092008F7493 /* PBXTargetDependency */ = {
			isa = PBXTargetDependency;
			target = 8464480924EE091700E34862 /* WaterMyPlants */;
			targetProxy = 02D3602524EE2092008F7493 /* PBXContainerItemProxy */;
		};
/* End PBXTargetDependency section */

/* Begin PBXVariantGroup section */
		8464481324EE091700E34862 /* Main.storyboard */ = {
			isa = PBXVariantGroup;
			children = (
				8464481424EE091700E34862 /* Base */,
			);
			name = Main.storyboard;
			sourceTree = "<group>";
		};
		8464481B24EE091800E34862 /* LaunchScreen.storyboard */ = {
			isa = PBXVariantGroup;
			children = (
				8464481C24EE091800E34862 /* Base */,
			);
			name = LaunchScreen.storyboard;
			sourceTree = "<group>";
		};
/* End PBXVariantGroup section */

/* Begin XCBuildConfiguration section */
		02D3601A24EE2087008F7493 /* Debug */ = {
			isa = XCBuildConfiguration;
			buildSettings = {
				"CODE_SIGN_IDENTITY[sdk=macosx*]" = "Apple Development";
				CODE_SIGN_STYLE = Automatic;
				DEVELOPMENT_TEAM = QQ666D93S6;
				INFOPLIST_FILE = WaterMyPlantsUITests/Info.plist;
				IPHONEOS_DEPLOYMENT_TARGET = 13.5;
				LD_RUNPATH_SEARCH_PATHS = (
					"$(inherited)",
					"@executable_path/Frameworks",
					"@loader_path/Frameworks",
				);
				PRODUCT_BUNDLE_IDENTIFIER = com.morgansmith.WaterMyPlantsUITests;
				PRODUCT_NAME = "$(TARGET_NAME)";
				SWIFT_VERSION = 5.0;
				TARGETED_DEVICE_FAMILY = "1,2";
				TEST_TARGET_NAME = WaterMyPlants;
			};
			name = Debug;
		};
		02D3601B24EE2087008F7493 /* Release */ = {
			isa = XCBuildConfiguration;
			buildSettings = {
				"CODE_SIGN_IDENTITY[sdk=macosx*]" = "Apple Development";
				CODE_SIGN_STYLE = Automatic;
				DEVELOPMENT_TEAM = QQ666D93S6;
				INFOPLIST_FILE = WaterMyPlantsUITests/Info.plist;
				IPHONEOS_DEPLOYMENT_TARGET = 13.5;
				LD_RUNPATH_SEARCH_PATHS = (
					"$(inherited)",
					"@executable_path/Frameworks",
					"@loader_path/Frameworks",
				);
				PRODUCT_BUNDLE_IDENTIFIER = com.morgansmith.WaterMyPlantsUITests;
				PRODUCT_NAME = "$(TARGET_NAME)";
				SWIFT_VERSION = 5.0;
				TARGETED_DEVICE_FAMILY = "1,2";
				TEST_TARGET_NAME = WaterMyPlants;
			};
			name = Release;
		};
		02D3602824EE2092008F7493 /* Debug */ = {
			isa = XCBuildConfiguration;
			buildSettings = {
				BUNDLE_LOADER = "$(TEST_HOST)";
				"CODE_SIGN_IDENTITY[sdk=macosx*]" = "Apple Development";
				CODE_SIGN_STYLE = Automatic;
				DEVELOPMENT_TEAM = QQ666D93S6;
				INFOPLIST_FILE = WaterMyPlantsTests/Info.plist;
				IPHONEOS_DEPLOYMENT_TARGET = 13.5;
				LD_RUNPATH_SEARCH_PATHS = (
					"$(inherited)",
					"@executable_path/Frameworks",
					"@loader_path/Frameworks",
				);
				PRODUCT_BUNDLE_IDENTIFIER = com.morgansmith.WaterMyPlantsTests;
				PRODUCT_NAME = "$(TARGET_NAME)";
				SWIFT_VERSION = 5.0;
				TARGETED_DEVICE_FAMILY = "1,2";
				TEST_HOST = "$(BUILT_PRODUCTS_DIR)/WaterMyPlants.app/WaterMyPlants";
			};
			name = Debug;
		};
		02D3602924EE2092008F7493 /* Release */ = {
			isa = XCBuildConfiguration;
			buildSettings = {
				BUNDLE_LOADER = "$(TEST_HOST)";
				"CODE_SIGN_IDENTITY[sdk=macosx*]" = "Apple Development";
				CODE_SIGN_STYLE = Automatic;
				DEVELOPMENT_TEAM = QQ666D93S6;
				INFOPLIST_FILE = WaterMyPlantsTests/Info.plist;
				IPHONEOS_DEPLOYMENT_TARGET = 13.5;
				LD_RUNPATH_SEARCH_PATHS = (
					"$(inherited)",
					"@executable_path/Frameworks",
					"@loader_path/Frameworks",
				);
				PRODUCT_BUNDLE_IDENTIFIER = com.morgansmith.WaterMyPlantsTests;
				PRODUCT_NAME = "$(TARGET_NAME)";
				SWIFT_VERSION = 5.0;
				TARGETED_DEVICE_FAMILY = "1,2";
				TEST_HOST = "$(BUILT_PRODUCTS_DIR)/WaterMyPlants.app/WaterMyPlants";
			};
			name = Release;
		};
		8464481F24EE091800E34862 /* Debug */ = {
			isa = XCBuildConfiguration;
			buildSettings = {
				ALWAYS_SEARCH_USER_PATHS = NO;
				CLANG_ANALYZER_NONNULL = YES;
				CLANG_ANALYZER_NUMBER_OBJECT_CONVERSION = YES_AGGRESSIVE;
				CLANG_CXX_LANGUAGE_STANDARD = "gnu++14";
				CLANG_CXX_LIBRARY = "libc++";
				CLANG_ENABLE_MODULES = YES;
				CLANG_ENABLE_OBJC_ARC = YES;
				CLANG_ENABLE_OBJC_WEAK = YES;
				CLANG_WARN_BLOCK_CAPTURE_AUTORELEASING = YES;
				CLANG_WARN_BOOL_CONVERSION = YES;
				CLANG_WARN_COMMA = YES;
				CLANG_WARN_CONSTANT_CONVERSION = YES;
				CLANG_WARN_DEPRECATED_OBJC_IMPLEMENTATIONS = YES;
				CLANG_WARN_DIRECT_OBJC_ISA_USAGE = YES_ERROR;
				CLANG_WARN_DOCUMENTATION_COMMENTS = YES;
				CLANG_WARN_EMPTY_BODY = YES;
				CLANG_WARN_ENUM_CONVERSION = YES;
				CLANG_WARN_INFINITE_RECURSION = YES;
				CLANG_WARN_INT_CONVERSION = YES;
				CLANG_WARN_NON_LITERAL_NULL_CONVERSION = YES;
				CLANG_WARN_OBJC_IMPLICIT_RETAIN_SELF = YES;
				CLANG_WARN_OBJC_LITERAL_CONVERSION = YES;
				CLANG_WARN_OBJC_ROOT_CLASS = YES_ERROR;
				CLANG_WARN_RANGE_LOOP_ANALYSIS = YES;
				CLANG_WARN_STRICT_PROTOTYPES = YES;
				CLANG_WARN_SUSPICIOUS_MOVE = YES;
				CLANG_WARN_UNGUARDED_AVAILABILITY = YES_AGGRESSIVE;
				CLANG_WARN_UNREACHABLE_CODE = YES;
				CLANG_WARN__DUPLICATE_METHOD_MATCH = YES;
				COPY_PHASE_STRIP = NO;
				DEBUG_INFORMATION_FORMAT = dwarf;
				ENABLE_STRICT_OBJC_MSGSEND = YES;
				ENABLE_TESTABILITY = YES;
				GCC_C_LANGUAGE_STANDARD = gnu11;
				GCC_DYNAMIC_NO_PIC = NO;
				GCC_NO_COMMON_BLOCKS = YES;
				GCC_OPTIMIZATION_LEVEL = 0;
				GCC_PREPROCESSOR_DEFINITIONS = (
					"DEBUG=1",
					"$(inherited)",
				);
				GCC_WARN_64_TO_32_BIT_CONVERSION = YES;
				GCC_WARN_ABOUT_RETURN_TYPE = YES_ERROR;
				GCC_WARN_UNDECLARED_SELECTOR = YES;
				GCC_WARN_UNINITIALIZED_AUTOS = YES_AGGRESSIVE;
				GCC_WARN_UNUSED_FUNCTION = YES;
				GCC_WARN_UNUSED_VARIABLE = YES;
				IPHONEOS_DEPLOYMENT_TARGET = 13.6;
				MTL_ENABLE_DEBUG_INFO = INCLUDE_SOURCE;
				MTL_FAST_MATH = YES;
				ONLY_ACTIVE_ARCH = YES;
				SDKROOT = iphoneos;
				SWIFT_ACTIVE_COMPILATION_CONDITIONS = DEBUG;
				SWIFT_OPTIMIZATION_LEVEL = "-Onone";
			};
			name = Debug;
		};
		8464482024EE091800E34862 /* Release */ = {
			isa = XCBuildConfiguration;
			buildSettings = {
				ALWAYS_SEARCH_USER_PATHS = NO;
				CLANG_ANALYZER_NONNULL = YES;
				CLANG_ANALYZER_NUMBER_OBJECT_CONVERSION = YES_AGGRESSIVE;
				CLANG_CXX_LANGUAGE_STANDARD = "gnu++14";
				CLANG_CXX_LIBRARY = "libc++";
				CLANG_ENABLE_MODULES = YES;
				CLANG_ENABLE_OBJC_ARC = YES;
				CLANG_ENABLE_OBJC_WEAK = YES;
				CLANG_WARN_BLOCK_CAPTURE_AUTORELEASING = YES;
				CLANG_WARN_BOOL_CONVERSION = YES;
				CLANG_WARN_COMMA = YES;
				CLANG_WARN_CONSTANT_CONVERSION = YES;
				CLANG_WARN_DEPRECATED_OBJC_IMPLEMENTATIONS = YES;
				CLANG_WARN_DIRECT_OBJC_ISA_USAGE = YES_ERROR;
				CLANG_WARN_DOCUMENTATION_COMMENTS = YES;
				CLANG_WARN_EMPTY_BODY = YES;
				CLANG_WARN_ENUM_CONVERSION = YES;
				CLANG_WARN_INFINITE_RECURSION = YES;
				CLANG_WARN_INT_CONVERSION = YES;
				CLANG_WARN_NON_LITERAL_NULL_CONVERSION = YES;
				CLANG_WARN_OBJC_IMPLICIT_RETAIN_SELF = YES;
				CLANG_WARN_OBJC_LITERAL_CONVERSION = YES;
				CLANG_WARN_OBJC_ROOT_CLASS = YES_ERROR;
				CLANG_WARN_RANGE_LOOP_ANALYSIS = YES;
				CLANG_WARN_STRICT_PROTOTYPES = YES;
				CLANG_WARN_SUSPICIOUS_MOVE = YES;
				CLANG_WARN_UNGUARDED_AVAILABILITY = YES_AGGRESSIVE;
				CLANG_WARN_UNREACHABLE_CODE = YES;
				CLANG_WARN__DUPLICATE_METHOD_MATCH = YES;
				COPY_PHASE_STRIP = NO;
				DEBUG_INFORMATION_FORMAT = "dwarf-with-dsym";
				ENABLE_NS_ASSERTIONS = NO;
				ENABLE_STRICT_OBJC_MSGSEND = YES;
				GCC_C_LANGUAGE_STANDARD = gnu11;
				GCC_NO_COMMON_BLOCKS = YES;
				GCC_WARN_64_TO_32_BIT_CONVERSION = YES;
				GCC_WARN_ABOUT_RETURN_TYPE = YES_ERROR;
				GCC_WARN_UNDECLARED_SELECTOR = YES;
				GCC_WARN_UNINITIALIZED_AUTOS = YES_AGGRESSIVE;
				GCC_WARN_UNUSED_FUNCTION = YES;
				GCC_WARN_UNUSED_VARIABLE = YES;
				IPHONEOS_DEPLOYMENT_TARGET = 13.6;
				MTL_ENABLE_DEBUG_INFO = NO;
				MTL_FAST_MATH = YES;
				SDKROOT = iphoneos;
				SWIFT_COMPILATION_MODE = wholemodule;
				SWIFT_OPTIMIZATION_LEVEL = "-O";
				VALIDATE_PRODUCT = YES;
			};
			name = Release;
		};
		8464482224EE091800E34862 /* Debug */ = {
			isa = XCBuildConfiguration;
			buildSettings = {
				ASSETCATALOG_COMPILER_APPICON_NAME = AppIcon;
				CODE_SIGN_STYLE = Manual;
				DEVELOPMENT_TEAM = "";
				INFOPLIST_FILE = WaterMyPlants/Info.plist;
				IPHONEOS_DEPLOYMENT_TARGET = 13.5;
				LD_RUNPATH_SEARCH_PATHS = (
					"$(inherited)",
					"@executable_path/Frameworks",
				);
				PRODUCT_BUNDLE_IDENTIFIER = com.HanBan;
				PRODUCT_NAME = "$(TARGET_NAME)";
				PROVISIONING_PROFILE_SPECIFIER = "";
				SWIFT_VERSION = 5.0;
				TARGETED_DEVICE_FAMILY = "1,2";
			};
			name = Debug;
		};
		8464482324EE091800E34862 /* Release */ = {
			isa = XCBuildConfiguration;
			buildSettings = {
				ASSETCATALOG_COMPILER_APPICON_NAME = AppIcon;
				CODE_SIGN_STYLE = Manual;
				DEVELOPMENT_TEAM = "";
				INFOPLIST_FILE = WaterMyPlants/Info.plist;
				IPHONEOS_DEPLOYMENT_TARGET = 13.5;
				LD_RUNPATH_SEARCH_PATHS = (
					"$(inherited)",
					"@executable_path/Frameworks",
				);
				PRODUCT_BUNDLE_IDENTIFIER = com.HanBan;
				PRODUCT_NAME = "$(TARGET_NAME)";
				PROVISIONING_PROFILE_SPECIFIER = "";
				SWIFT_VERSION = 5.0;
				TARGETED_DEVICE_FAMILY = "1,2";
			};
			name = Release;
		};
/* End XCBuildConfiguration section */

/* Begin XCConfigurationList section */
		02D3601924EE2087008F7493 /* Build configuration list for PBXNativeTarget "WaterMyPlantsUITests" */ = {
			isa = XCConfigurationList;
			buildConfigurations = (
				02D3601A24EE2087008F7493 /* Debug */,
				02D3601B24EE2087008F7493 /* Release */,
			);
			defaultConfigurationIsVisible = 0;
			defaultConfigurationName = Release;
		};
		02D3602724EE2092008F7493 /* Build configuration list for PBXNativeTarget "WaterMyPlantsTests" */ = {
			isa = XCConfigurationList;
			buildConfigurations = (
				02D3602824EE2092008F7493 /* Debug */,
				02D3602924EE2092008F7493 /* Release */,
			);
			defaultConfigurationIsVisible = 0;
			defaultConfigurationName = Release;
		};
		8464480524EE091700E34862 /* Build configuration list for PBXProject "WaterMyPlants" */ = {
			isa = XCConfigurationList;
			buildConfigurations = (
				8464481F24EE091800E34862 /* Debug */,
				8464482024EE091800E34862 /* Release */,
			);
			defaultConfigurationIsVisible = 0;
			defaultConfigurationName = Release;
		};
		8464482124EE091800E34862 /* Build configuration list for PBXNativeTarget "WaterMyPlants" */ = {
			isa = XCConfigurationList;
			buildConfigurations = (
				8464482224EE091800E34862 /* Debug */,
				8464482324EE091800E34862 /* Release */,
			);
			defaultConfigurationIsVisible = 0;
			defaultConfigurationName = Release;
		};
/* End XCConfigurationList section */

/* Begin XCVersionGroup section */
		02D3602A24EE256D008F7493 /* Plants.xcdatamodeld */ = {
			isa = XCVersionGroup;
			children = (
				02D3602B24EE256D008F7493 /* Plants.xcdatamodel */,
			);
			currentVersion = 02D3602B24EE256D008F7493 /* Plants.xcdatamodel */;
			path = Plants.xcdatamodeld;
			sourceTree = "<group>";
			versionGroupType = wrapper.xcdatamodel;
		};
/* End XCVersionGroup section */
	};
	rootObject = 8464480224EE091700E34862 /* Project object */;
}
